<?xml version="1.0" encoding="utf-8"?>
<Project ToolsVersion="4.0" xmlns="http://schemas.microsoft.com/developer/msbuild/2003">
  <ItemGroup>
    <Filter Include="src">
      <UniqueIdentifier>{3f5b2529-6078-45b8-8070-cc524a840d10}</UniqueIdentifier>
    </Filter>
    <Filter Include="src\graphics_mathematics">
      <UniqueIdentifier>{8dc478c3-377a-43b4-ab8a-a95057904db1}</UniqueIdentifier>
    </Filter>
    <Filter Include="src\scene">
      <UniqueIdentifier>{0462326c-3afa-4cec-bae3-145e317c408f}</UniqueIdentifier>
    </Filter>
    <Filter Include="third_party">
      <UniqueIdentifier>{f85e1898-f12a-40f8-befb-9e64a9f65c21}</UniqueIdentifier>
    </Filter>
    <Filter Include="third_party\stb">
      <UniqueIdentifier>{e1dc13a3-78bd-42e8-a1b4-b1ebb0fcb8bb}</UniqueIdentifier>
    </Filter>
    <Filter Include="src\framebuffer">
      <UniqueIdentifier>{f2f62368-381b-463b-b871-bd28490c032b}</UniqueIdentifier>
    </Filter>
    <Filter Include="src\shader">
      <UniqueIdentifier>{0bff103e-1f67-4d79-8280-bb23ecd16025}</UniqueIdentifier>
    </Filter>
    <Filter Include="src\postprocessor">
      <UniqueIdentifier>{643c79fc-d151-41fa-8474-f9fa1534c20f}</UniqueIdentifier>
    </Filter>
    <Filter Include="src\util">
      <UniqueIdentifier>{7fb46674-90dd-4be7-aa37-005107fbea57}</UniqueIdentifier>
    </Filter>
    <Filter Include="src\renderer">
      <UniqueIdentifier>{9a8fba5e-ea0f-434a-9261-bba2b25f7393}</UniqueIdentifier>
    </Filter>
  </ItemGroup>
  <ItemGroup>
    <ClCompile Include="main.cpp" />
    <ClCompile Include="src\framebuffer\framebuffer.cpp">
      <Filter>src\framebuffer</Filter>
    </ClCompile>
    <ClCompile Include="src\framebuffer\framebuffer_io.cpp">
      <Filter>src\framebuffer</Filter>
    </ClCompile>
    <ClCompile Include="src\framebuffer\tgaimage.cpp">
      <Filter>src\framebuffer</Filter>
    </ClCompile>
    <ClCompile Include="src\postprocessor\volume_rendering_effect.cpp">
      <Filter>src\postprocessor</Filter>
    </ClCompile>
    <ClCompile Include="src\scene\obj_loader.cpp">
      <Filter>src\scene</Filter>
    </ClCompile>
    <ClCompile Include="src\util\system.cpp">
      <Filter>src\util</Filter>
    </ClCompile>
    <ClCompile Include="src\renderer\triangle.cpp">
      <Filter>src\renderer</Filter>
    </ClCompile>
    <ClCompile Include="src\renderer\line.cpp">
      <Filter>src\renderer</Filter>
    </ClCompile>
    <ClCompile Include="src\renderer\rasterization.cpp">
      <Filter>src\renderer</Filter>
    </ClCompile>
    <ClCompile Include="src\renderer\wireframe.cpp">
      <Filter>src\renderer</Filter>
    </ClCompile>
  </ItemGroup>
  <ItemGroup>
    <ClInclude Include="third_party\stb\stb_image_write.h">
      <Filter>third_party\stb</Filter>
    </ClInclude>
    <ClInclude Include="src\graphics_mathematics\constants.hpp">
      <Filter>src\graphics_mathematics</Filter>
    </ClInclude>
    <ClInclude Include="src\graphics_mathematics\matrix.hpp">
      <Filter>src\graphics_mathematics</Filter>
    </ClInclude>
    <ClInclude Include="src\graphics_mathematics\matrix_clip_space.hpp">
      <Filter>src\graphics_mathematics</Filter>
    </ClInclude>
    <ClInclude Include="src\graphics_mathematics\matrix_transform.hpp">
      <Filter>src\graphics_mathematics</Filter>
    </ClInclude>
    <ClInclude Include="src\graphics_mathematics\vector.hpp">
      <Filter>src\graphics_mathematics</Filter>
    </ClInclude>
    <ClInclude Include="src\scene\camera.hpp">
      <Filter>src\scene</Filter>
    </ClInclude>
    <ClInclude Include="src\scene\camera_presets.hpp">
      <Filter>src\scene</Filter>
    </ClInclude>
    <ClInclude Include="src\scene\light.hpp">
      <Filter>src\scene</Filter>
    </ClInclude>
    <ClInclude Include="src\scene\material.hpp">
      <Filter>src\scene</Filter>
    </ClInclude>
    <ClInclude Include="src\scene\scene.hpp">
      <Filter>src\scene</Filter>
    </ClInclude>
    <ClInclude Include="src\framebuffer\framebuffer.h">
      <Filter>src\framebuffer</Filter>
    </ClInclude>
    <ClInclude Include="src\framebuffer\framebuffer_io.h">
      <Filter>src\framebuffer</Filter>
    </ClInclude>
    <ClInclude Include="src\shader\shader.hpp">
      <Filter>src\shader</Filter>
    </ClInclude>
    <ClInclude Include="src\shader\random_solid_shader.hpp">
      <Filter>src\shader</Filter>
    </ClInclude>
    <ClInclude Include="src\shader\gradient_shader.hpp">
      <Filter>src\shader</Filter>
    </ClInclude>
    <ClInclude Include="src\framebuffer\tgaimage.h">
      <Filter>src\framebuffer</Filter>
    </ClInclude>
    <ClInclude Include="src\postprocessor\volume_rendering_effect.h">
      <Filter>src\postprocessor</Filter>
    </ClInclude>
    <ClInclude Include="src\scene\obj_loader.h">
      <Filter>src\scene</Filter>
    </ClInclude>
    <ClInclude Include="src\util\configuration.hpp">
      <Filter>src\util</Filter>
    </ClInclude>
    <ClInclude Include="src\util\system.h">
      <Filter>src\util</Filter>
    </ClInclude>
    <ClInclude Include="src\renderer\triangle.h">
      <Filter>src\renderer</Filter>
    </ClInclude>
    <ClInclude Include="src\renderer\line.h">
      <Filter>src\renderer</Filter>
    </ClInclude>
    <ClInclude Include="src\renderer\rasterization.h">
      <Filter>src\renderer</Filter>
    </ClInclude>
    <ClInclude Include="src\renderer\vertex_postprocessor.hpp">
      <Filter>src\renderer</Filter>
    </ClInclude>
    <ClInclude Include="src\renderer\viewport_presets.hpp">
      <Filter>src\renderer</Filter>
    </ClInclude>
    <ClInclude Include="src\renderer\wireframe.h">
      <Filter>src\renderer</Filter>
    </ClInclude>
  </ItemGroup>
</Project>